
Microsoft Visual Studio Solution File, Format Version 12.00
# Visual Studio Version 17
VisualStudioVersion = 17.1.32328.378
MinimumVisualStudioVersion = 10.0.40219.1
Project("{F184B08F-C81C-45F6-A57F-5ABD9991F28F}") = "NoScreenCDPlayer", "NoScreenCDPlayer\NoScreenCDPlayer.vbproj", "{1C22A8DD-78A4-4589-A385-B7DF80041829}"
EndProject
Global
	GlobalSection(SolutionConfigurationPlatforms) = preSolution
		Debug|Any CPU = Debug|Any CPU
		Release|Any CPU = Release|Any CPU
	EndGlobalSection
	GlobalSection(ProjectConfigurationPlatforms) = postSolution
		{1C22A8DD-78A4-4589-A385-B7DF80041829}.Debug|Any CPU.ActiveCfg = Debug|Any CPU
		{1C22A8DD-78A4-4589-A385-B7DF80041829}.Debug|Any CPU.Build.0 = Debug|Any CPU
		{1C22A8DD-78A4-4589-A385-B7DF80041829}.Release|Any CPU.ActiveCfg = Release|Any CPU
		{1C22A8DD-78A4-4589-A385-B7DF80041829}.Release|Any CPU.Build.0 = Release|Any CPU
	EndGlobalSection
	GlobalSection(SolutionProperties) = preSolution
		HideSolutionNode = FALSE
	EndGlobalSection
	GlobalSection(ExtensibilityGlobals) = postSolution
		SolutionGuid = {C4E078EA-08E4-4818-A2CA-ECC23D6D53FE}
	EndGlobalSection
EndGlobal
